// !$*UTF8*$!
{
	archiveVersion = 1;
	classes = {
	};
	objectVersion = 46;
	objects = {

/* Begin PBXBuildFile section */
		293B058219B99AD7000D4142 /* openingScene.swift in Sources */ = {isa = PBXBuildFile; fileRef = 293B058119B99AD7000D4142 /* openingScene.swift */; };
		295F3C9E19B88BB000CB7C99 /* char_fatboy.png in Resources */ = {isa = PBXBuildFile; fileRef = 295F3C9D19B88BB000CB7C99 /* char_fatboy.png */; };
		2973A57E19B8999500C7921F /* PixelMplus12-Bold.ttf in Resources */ = {isa = PBXBuildFile; fileRef = 2973A57C19B8999500C7921F /* PixelMplus12-Bold.ttf */; };
		2973A57F19B8999500C7921F /* PixelMplus12-Regular.ttf in Resources */ = {isa = PBXBuildFile; fileRef = 2973A57D19B8999500C7921F /* PixelMplus12-Regular.ttf */; };
		29AC162719B98C0900742777 /* resultScene.swift in Sources */ = {isa = PBXBuildFile; fileRef = 29AC162619B98C0900742777 /* resultScene.swift */; };
		B10229B719B886FD00236407 /* AppDelegate.swift in Sources */ = {isa = PBXBuildFile; fileRef = B10229B619B886FD00236407 /* AppDelegate.swift */; };
		B10229BB19B886FD00236407 /* GameScene.swift in Sources */ = {isa = PBXBuildFile; fileRef = B10229BA19B886FD00236407 /* GameScene.swift */; };
		B10229BD19B886FD00236407 /* GameViewController.swift in Sources */ = {isa = PBXBuildFile; fileRef = B10229BC19B886FD00236407 /* GameViewController.swift */; };
		B10229C019B886FD00236407 /* Main.storyboard in Resources */ = {isa = PBXBuildFile; fileRef = B10229BE19B886FD00236407 /* Main.storyboard */; };
		B10229C219B886FD00236407 /* Images.xcassets in Resources */ = {isa = PBXBuildFile; fileRef = B10229C119B886FD00236407 /* Images.xcassets */; };
		B10229CE19B886FD00236407 /* preCyberInternTests.swift in Sources */ = {isa = PBXBuildFile; fileRef = B10229CD19B886FD00236407 /* preCyberInternTests.swift */; };
		B1FA32AB19B980B200A50D05 /* roomScene.swift in Sources */ = {isa = PBXBuildFile; fileRef = B1FA32AA19B980B200A50D05 /* roomScene.swift */; };
		B1FA32AD19B98F4000A50D05 /* play.png in Resources */ = {isa = PBXBuildFile; fileRef = B1FA32AC19B98F4000A50D05 /* play.png */; };
/* End PBXBuildFile section */

/* Begin PBXContainerItemProxy section */
		B10229C819B886FD00236407 /* PBXContainerItemProxy */ = {
			isa = PBXContainerItemProxy;
			containerPortal = B10229A919B886FD00236407 /* Project object */;
			proxyType = 1;
			remoteGlobalIDString = B10229B019B886FD00236407;
			remoteInfo = preCyberIntern;
		};
/* End PBXContainerItemProxy section */

/* Begin PBXFileReference section */
		293B058119B99AD7000D4142 /* openingScene.swift */ = {isa = PBXFileReference; fileEncoding = 4; lastKnownFileType = sourcecode.swift; path = openingScene.swift; sourceTree = "<group>"; };
		295F3C9D19B88BB000CB7C99 /* char_fatboy.png */ = {isa = PBXFileReference; lastKnownFileType = image.png; path = char_fatboy.png; sourceTree = "<group>"; };
		2973A57C19B8999500C7921F /* PixelMplus12-Bold.ttf */ = {isa = PBXFileReference; lastKnownFileType = file; path = "PixelMplus12-Bold.ttf"; sourceTree = "<group>"; };
		2973A57D19B8999500C7921F /* PixelMplus12-Regular.ttf */ = {isa = PBXFileReference; lastKnownFileType = file; path = "PixelMplus12-Regular.ttf"; sourceTree = "<group>"; };
		29AC162619B98C0900742777 /* resultScene.swift */ = {isa = PBXFileReference; fileEncoding = 4; lastKnownFileType = sourcecode.swift; path = resultScene.swift; sourceTree = "<group>"; };
		B10229B119B886FD00236407 /* preCyberIntern.app */ = {isa = PBXFileReference; explicitFileType = wrapper.application; includeInIndex = 0; path = preCyberIntern.app; sourceTree = BUILT_PRODUCTS_DIR; };
		B10229B519B886FD00236407 /* Info.plist */ = {isa = PBXFileReference; lastKnownFileType = text.plist.xml; path = Info.plist; sourceTree = "<group>"; };
		B10229B619B886FD00236407 /* AppDelegate.swift */ = {isa = PBXFileReference; lastKnownFileType = sourcecode.swift; path = AppDelegate.swift; sourceTree = "<group>"; };
		B10229BA19B886FD00236407 /* GameScene.swift */ = {isa = PBXFileReference; lastKnownFileType = sourcecode.swift; path = GameScene.swift; sourceTree = "<group>"; };
		B10229BC19B886FD00236407 /* GameViewController.swift */ = {isa = PBXFileReference; lastKnownFileType = sourcecode.swift; path = GameViewController.swift; sourceTree = "<group>"; };
		B10229BF19B886FD00236407 /* Base */ = {isa = PBXFileReference; lastKnownFileType = file.storyboard; name = Base; path = Base.lproj/Main.storyboard; sourceTree = "<group>"; };
		B10229C119B886FD00236407 /* Images.xcassets */ = {isa = PBXFileReference; lastKnownFileType = folder.assetcatalog; path = Images.xcassets; sourceTree = "<group>"; };
		B10229C719B886FD00236407 /* preCyberInternTests.xctest */ = {isa = PBXFileReference; explicitFileType = wrapper.cfbundle; includeInIndex = 0; path = preCyberInternTests.xctest; sourceTree = BUILT_PRODUCTS_DIR; };
		B10229CC19B886FD00236407 /* Info.plist */ = {isa = PBXFileReference; lastKnownFileType = text.plist.xml; path = Info.plist; sourceTree = "<group>"; };
		B10229CD19B886FD00236407 /* preCyberInternTests.swift */ = {isa = PBXFileReference; lastKnownFileType = sourcecode.swift; path = preCyberInternTests.swift; sourceTree = "<group>"; };
		B1FA32AA19B980B200A50D05 /* roomScene.swift */ = {isa = PBXFileReference; fileEncoding = 4; lastKnownFileType = sourcecode.swift; path = roomScene.swift; sourceTree = "<group>"; };
		B1FA32AC19B98F4000A50D05 /* play.png */ = {isa = PBXFileReference; lastKnownFileType = image.png; path = play.png; sourceTree = "<group>"; };
/* End PBXFileReference section */

/* Begin PBXFrameworksBuildPhase section */
		B10229AE19B886FD00236407 /* Frameworks */ = {
			isa = PBXFrameworksBuildPhase;
			buildActionMask = 2147483647;
			files = (
			);
			runOnlyForDeploymentPostprocessing = 0;
		};
		B10229C419B886FD00236407 /* Frameworks */ = {
			isa = PBXFrameworksBuildPhase;
			buildActionMask = 2147483647;
			files = (
			);
			runOnlyForDeploymentPostprocessing = 0;
		};
/* End PBXFrameworksBuildPhase section */

/* Begin PBXGroup section */
		B10229A819B886FD00236407 = {
			isa = PBXGroup;
			children = (
				B10229B319B886FD00236407 /* preCyberIntern */,
				B10229CA19B886FD00236407 /* preCyberInternTests */,
				B10229B219B886FD00236407 /* Products */,
			);
			sourceTree = "<group>";
		};
		B10229B219B886FD00236407 /* Products */ = {
			isa = PBXGroup;
			children = (
				B10229B119B886FD00236407 /* preCyberIntern.app */,
				B10229C719B886FD00236407 /* preCyberInternTests.xctest */,
			);
			name = Products;
			sourceTree = "<group>";
		};
		B10229B319B886FD00236407 /* preCyberIntern */ = {
			isa = PBXGroup;
			children = (
				2973A57C19B8999500C7921F /* PixelMplus12-Bold.ttf */,
				2973A57D19B8999500C7921F /* PixelMplus12-Regular.ttf */,
				B1FA32AC19B98F4000A50D05 /* play.png */,
				295F3C9D19B88BB000CB7C99 /* char_fatboy.png */,
				B10229B619B886FD00236407 /* AppDelegate.swift */,
				B10229BA19B886FD00236407 /* GameScene.swift */,
				293B058119B99AD7000D4142 /* openingScene.swift */,
				B1FA32AA19B980B200A50D05 /* roomScene.swift */,
				29AC162619B98C0900742777 /* resultScene.swift */,
				B10229BC19B886FD00236407 /* GameViewController.swift */,
				B10229BE19B886FD00236407 /* Main.storyboard */,
				B10229C119B886FD00236407 /* Images.xcassets */,
				B10229B419B886FD00236407 /* Supporting Files */,
			);
			path = preCyberIntern;
			sourceTree = "<group>";
		};
		B10229B419B886FD00236407 /* Supporting Files */ = {
			isa = PBXGroup;
			children = (
				B10229B519B886FD00236407 /* Info.plist */,
			);
			name = "Supporting Files";
			sourceTree = "<group>";
		};
		B10229CA19B886FD00236407 /* preCyberInternTests */ = {
			isa = PBXGroup;
			children = (
				B10229CD19B886FD00236407 /* preCyberInternTests.swift */,
				B10229CB19B886FD00236407 /* Supporting Files */,
			);
			path = preCyberInternTests;
			sourceTree = "<group>";
		};
		B10229CB19B886FD00236407 /* Supporting Files */ = {
			isa = PBXGroup;
			children = (
				B10229CC19B886FD00236407 /* Info.plist */,
			);
			name = "Supporting Files";
			sourceTree = "<group>";
		};
/* End PBXGroup section */

/* Begin PBXNativeTarget section */
		B10229B019B886FD00236407 /* preCyberIntern */ = {
			isa = PBXNativeTarget;
			buildConfigurationList = B10229D119B886FD00236407 /* Build configuration list for PBXNativeTarget "preCyberIntern" */;
			buildPhases = (
				B10229AD19B886FD00236407 /* Sources */,
				B10229AE19B886FD00236407 /* Frameworks */,
				B10229AF19B886FD00236407 /* Resources */,
			);
			buildRules = (
			);
			dependencies = (
			);
			name = preCyberIntern;
			productName = preCyberIntern;
			productReference = B10229B119B886FD00236407 /* preCyberIntern.app */;
			productType = "com.apple.product-type.application";
		};
		B10229C619B886FD00236407 /* preCyberInternTests */ = {
			isa = PBXNativeTarget;
			buildConfigurationList = B10229D419B886FD00236407 /* Build configuration list for PBXNativeTarget "preCyberInternTests" */;
			buildPhases = (
				B10229C319B886FD00236407 /* Sources */,
				B10229C419B886FD00236407 /* Frameworks */,
				B10229C519B886FD00236407 /* Resources */,
			);
			buildRules = (
			);
			dependencies = (
				B10229C919B886FD00236407 /* PBXTargetDependency */,
			);
			name = preCyberInternTests;
			productName = preCyberInternTests;
			productReference = B10229C719B886FD00236407 /* preCyberInternTests.xctest */;
			productType = "com.apple.product-type.bundle.unit-test";
		};
/* End PBXNativeTarget section */

/* Begin PBXProject section */
		B10229A919B886FD00236407 /* Project object */ = {
			isa = PBXProject;
			attributes = {
				LastUpgradeCheck = 0600;
				ORGANIZATIONNAME = ucuc;
				TargetAttributes = {
					B10229B019B886FD00236407 = {
						CreatedOnToolsVersion = 6.0;
					};
					B10229C619B886FD00236407 = {
						CreatedOnToolsVersion = 6.0;
						TestTargetID = B10229B019B886FD00236407;
					};
				};
			};
			buildConfigurationList = B10229AC19B886FD00236407 /* Build configuration list for PBXProject "preCyberIntern" */;
			compatibilityVersion = "Xcode 3.2";
			developmentRegion = English;
			hasScannedForEncodings = 0;
			knownRegions = (
				en,
				Base,
			);
			mainGroup = B10229A819B886FD00236407;
			productRefGroup = B10229B219B886FD00236407 /* Products */;
			projectDirPath = "";
			projectRoot = "";
			targets = (
				B10229B019B886FD00236407 /* preCyberIntern */,
				B10229C619B886FD00236407 /* preCyberInternTests */,
			);
		};
/* End PBXProject section */

/* Begin PBXResourcesBuildPhase section */
		B10229AF19B886FD00236407 /* Resources */ = {
			isa = PBXResourcesBuildPhase;
			buildActionMask = 2147483647;
			files = (
				B1FA32AD19B98F4000A50D05 /* play.png in Resources */,
				295F3C9E19B88BB000CB7C99 /* char_fatboy.png in Resources */,
				2973A57E19B8999500C7921F /* PixelMplus12-Bold.ttf in Resources */,
				B10229C219B886FD00236407 /* Images.xcassets in Resources */,
				2973A57F19B8999500C7921F /* PixelMplus12-Regular.ttf in Resources */,
				B10229C019B886FD00236407 /* Main.storyboard in Resources */,
			);
			runOnlyForDeploymentPostprocessing = 0;
		};
		B10229C519B886FD00236407 /* Resources */ = {
			isa = PBXResourcesBuildPhase;
			buildActionMask = 2147483647;
			files = (
			);
			runOnlyForDeploymentPostprocessing = 0;
		};
/* End PBXResourcesBuildPhase section */

/* Begin PBXSourcesBuildPhase section */
		B10229AD19B886FD00236407 /* Sources */ = {
			isa = PBXSourcesBuildPhase;
			buildActionMask = 2147483647;
			files = (
				B10229BB19B886FD00236407 /* GameScene.swift in Sources */,
				B1FA32AB19B980B200A50D05 /* roomScene.swift in Sources */,
				B10229BD19B886FD00236407 /* GameViewController.swift in Sources */,
				29AC162719B98C0900742777 /* resultScene.swift in Sources */,
				B10229B719B886FD00236407 /* AppDelegate.swift in Sources */,
				293B058219B99AD7000D4142 /* openingScene.swift in Sources */,
			);
			runOnlyForDeploymentPostprocessing = 0;
		};
		B10229C319B886FD00236407 /* Sources */ = {
			isa = PBXSourcesBuildPhase;
			buildActionMask = 2147483647;
			files = (
				B10229CE19B886FD00236407 /* preCyberInternTests.swift in Sources */,
			);
			runOnlyForDeploymentPostprocessing = 0;
		};
/* End PBXSourcesBuildPhase section */

/* Begin PBXTargetDependency section */
		B10229C919B886FD00236407 /* PBXTargetDependency */ = {
			isa = PBXTargetDependency;
			target = B10229B019B886FD00236407 /* preCyberIntern */;
			targetProxy = B10229C819B886FD00236407 /* PBXContainerItemProxy */;
		};
/* End PBXTargetDependency section */

/* Begin PBXVariantGroup section */
		B10229BE19B886FD00236407 /* Main.storyboard */ = {
			isa = PBXVariantGroup;
			children = (
				B10229BF19B886FD00236407 /* Base */,
			);
			name = Main.storyboard;
			sourceTree = "<group>";
		};
/* End PBXVariantGroup section */

/* Begin XCBuildConfiguration section */
		B10229CF19B886FD00236407 /* Debug */ = {
			isa = XCBuildConfiguration;
			buildSettings = {
				ALWAYS_SEARCH_USER_PATHS = NO;
				CLANG_CXX_LANGUAGE_STANDARD = "gnu++0x";
				CLANG_CXX_LIBRARY = "libc++";
				CLANG_ENABLE_MODULES = YES;
				CLANG_ENABLE_OBJC_ARC = YES;
				CLANG_WARN_BOOL_CONVERSION = YES;
				CLANG_WARN_CONSTANT_CONVERSION = YES;
				CLANG_WARN_DIRECT_OBJC_ISA_USAGE = YES_ERROR;
				CLANG_WARN_EMPTY_BODY = YES;
				CLANG_WARN_ENUM_CONVERSION = YES;
				CLANG_WARN_INT_CONVERSION = YES;
				CLANG_WARN_OBJC_ROOT_CLASS = YES_ERROR;
				CLANG_WARN_UNREACHABLE_CODE = YES;
				CLANG_WARN__DUPLICATE_METHOD_MATCH = YES;
				"CODE_SIGN_IDENTITY[sdk=iphoneos*]" = "iPhone Developer";
				COPY_PHASE_STRIP = NO;
				ENABLE_STRICT_OBJC_MSGSEND = YES;
				GCC_C_LANGUAGE_STANDARD = gnu99;
				GCC_DYNAMIC_NO_PIC = NO;
				GCC_OPTIMIZATION_LEVEL = 0;
				GCC_PREPROCESSOR_DEFINITIONS = (
					"DEBUG=1",
					"$(inherited)",
				);
				GCC_SYMBOLS_PRIVATE_EXTERN = NO;
				GCC_WARN_64_TO_32_BIT_CONVERSION = YES;
				GCC_WARN_ABOUT_RETURN_TYPE = YES_ERROR;
				GCC_WARN_UNDECLARED_SELECTOR = YES;
				GCC_WARN_UNINITIALIZED_AUTOS = YES_AGGRESSIVE;
				GCC_WARN_UNUSED_FUNCTION = YES;
				GCC_WARN_UNUSED_VARIABLE = YES;
				IPHONEOS_DEPLOYMENT_TARGET = 8.0;
				MTL_ENABLE_DEBUG_INFO = YES;
				ONLY_ACTIVE_ARCH = YES;
				SDKROOT = iphoneos;
				SWIFT_OPTIMIZATION_LEVEL = "-Onone";
			};
			name = Debug;
		};
		B10229D019B886FD00236407 /* Release */ = {
			isa = XCBuildConfiguration;
			buildSettings = {
				ALWAYS_SEARCH_USER_PATHS = NO;
				CLANG_CXX_LANGUAGE_STANDARD = "gnu++0x";
				CLANG_CXX_LIBRARY = "libc++";
				CLANG_ENABLE_MODULES = YES;
				CLANG_ENABLE_OBJC_ARC = YES;
				CLANG_WARN_BOOL_CONVERSION = YES;
				CLANG_WARN_CONSTANT_CONVERSION = YES;
				CLANG_WARN_DIRECT_OBJC_ISA_USAGE = YES_ERROR;
				CLANG_WARN_EMPTY_BODY = YES;
				CLANG_WARN_ENUM_CONVERSION = YES;
				CLANG_WARN_INT_CONVERSION = YES;
				CLANG_WARN_OBJC_ROOT_CLASS = YES_ERROR;
				CLANG_WARN_UNREACHABLE_CODE = YES;
				CLANG_WARN__DUPLICATE_METHOD_MATCH = YES;
				"CODE_SIGN_IDENTITY[sdk=iphoneos*]" = "iPhone Developer";
				COPY_PHASE_STRIP = YES;
				ENABLE_NS_ASSERTIONS = NO;
				ENABLE_STRICT_OBJC_MSGSEND = YES;
				GCC_C_LANGUAGE_STANDARD = gnu99;
				GCC_WARN_64_TO_32_BIT_CONVERSION = YES;
				GCC_WARN_ABOUT_RETURN_TYPE = YES_ERROR;
				GCC_WARN_UNDECLARED_SELECTOR = YES;
				GCC_WARN_UNINITIALIZED_AUTOS = YES_AGGRESSIVE;
				GCC_WARN_UNUSED_FUNCTION = YES;
				GCC_WARN_UNUSED_VARIABLE = YES;
				IPHONEOS_DEPLOYMENT_TARGET = 8.0;
				MTL_ENABLE_DEBUG_INFO = NO;
				SDKROOT = iphoneos;
				VALIDATE_PRODUCT = YES;
			};
			name = Release;
		};
		B10229D219B886FD00236407 /* Debug */ = {
			isa = XCBuildConfiguration;
			buildSettings = {
				ASSETCATALOG_COMPILER_APPICON_NAME = AppIcon;
				ASSETCATALOG_COMPILER_LAUNCHIMAGE_NAME = LaunchImage;
				INFOPLIST_FILE = preCyberIntern/Info.plist;
				LD_RUNPATH_SEARCH_PATHS = "$(inherited) @executable_path/Frameworks";
				PRODUCT_NAME = "$(TARGET_NAME)";
			};
			name = Debug;
		};
		B10229D319B886FD00236407 /* Release */ = {
			isa = XCBuildConfiguration;
			buildSettings = {
				ASSETCATALOG_COMPILER_APPICON_NAME = AppIcon;
				ASSETCATALOG_COMPILER_LAUNCHIMAGE_NAME = LaunchImage;
				INFOPLIST_FILE = preCyberIntern/Info.plist;
				LD_RUNPATH_SEARCH_PATHS = "$(inherited) @executable_path/Frameworks";
				PRODUCT_NAME = "$(TARGET_NAME)";
			};
			name = Release;
		};
		B10229D519B886FD00236407 /* Debug */ = {
			isa = XCBuildConfiguration;
			buildSettings = {
				BUNDLE_LOADER = "$(TEST_HOST)";
				FRAMEWORK_SEARCH_PATHS = (
					"$(SDKROOT)/Developer/Library/Frameworks",
					"$(inherited)",
				);
				GCC_PREPROCESSOR_DEFINITIONS = (
					"DEBUG=1",
					"$(inherited)",
				);
				INFOPLIST_FILE = preCyberInternTests/Info.plist;
				LD_RUNPATH_SEARCH_PATHS = "$(inherited) @executable_path/Frameworks @loader_path/Frameworks";
				PRODUCT_NAME = "$(TARGET_NAME)";
				TEST_HOST = "$(BUILT_PRODUCTS_DIR)/preCyberIntern.app/preCyberIntern";
			};
			name = Debug;
		};
		B10229D619B886FD00236407 /* Release */ = {
			isa = XCBuildConfiguration;
			buildSettings = {
				BUNDLE_LOADER = "$(TEST_HOST)";
				FRAMEWORK_SEARCH_PATHS = (
					"$(SDKROOT)/Developer/Library/Frameworks",
					"$(inherited)",
				);
				INFOPLIST_FILE = preCyberInternTests/Info.plist;
				LD_RUNPATH_SEARCH_PATHS = "$(inherited) @executable_path/Frameworks @loader_path/Frameworks";
				PRODUCT_NAME = "$(TARGET_NAME)";
				TEST_HOST = "$(BUILT_PRODUCTS_DIR)/preCyberIntern.app/preCyberIntern";
			};
			name = Release;
		};
/* End XCBuildConfiguration section */

/* Begin XCConfigurationList section */
		B10229AC19B886FD00236407 /* Build configuration list for PBXProject "preCyberIntern" */ = {
			isa = XCConfigurationList;
			buildConfigurations = (
				B10229CF19B886FD00236407 /* Debug */,
				B10229D019B886FD00236407 /* Release */,
			);
			defaultConfigurationIsVisible = 0;
			defaultConfigurationName = Release;
		};
		B10229D119B886FD00236407 /* Build configuration list for PBXNativeTarget "preCyberIntern" */ = {
			isa = XCConfigurationList;
			buildConfigurations = (
				B10229D219B886FD00236407 /* Debug */,
				B10229D319B886FD00236407 /* Release */,
			);
			defaultConfigurationIsVisible = 0;
			defaultConfigurationName = Release;
		};
		B10229D419B886FD00236407 /* Build configuration list for PBXNativeTarget "preCyberInternTests" */ = {
			isa = XCConfigurationList;
			buildConfigurations = (
				B10229D519B886FD00236407 /* Debug */,
				B10229D619B886FD00236407 /* Release */,
			);
			defaultConfigurationIsVisible = 0;
			defaultConfigurationName = Release;
		};
/* End XCConfigurationList section */
	};
	rootObject = B10229A919B886FD00236407 /* Project object */;
}
